// !$*UTF8*$!
{
	archiveVersion = 1;
	classes = {
	};
	objectVersion = 46;
	objects = {

/* Begin PBXBuildFile section */
		7F3B2CFB1CBD437E008676B8 /* AppDelegate.swift in Sources */ = {isa = PBXBuildFile; fileRef = 7F3B2CFA1CBD437E008676B8 /* AppDelegate.swift */; };
		7F3B2CFD1CBD437E008676B8 /* ViewController.swift in Sources */ = {isa = PBXBuildFile; fileRef = 7F3B2CFC1CBD437E008676B8 /* ViewController.swift */; };
		7F3B2D001CBD437E008676B8 /* Main.storyboard in Resources */ = {isa = PBXBuildFile; fileRef = 7F3B2CFE1CBD437E008676B8 /* Main.storyboard */; };
		7F3B2D021CBD437E008676B8 /* Assets.xcassets in Resources */ = {isa = PBXBuildFile; fileRef = 7F3B2D011CBD437E008676B8 /* Assets.xcassets */; };
		7F3B2D051CBD437E008676B8 /* LaunchScreen.storyboard in Resources */ = {isa = PBXBuildFile; fileRef = 7F3B2D031CBD437E008676B8 /* LaunchScreen.storyboard */; };
		7F3B2D1D1CBD43FB008676B8 /* ntp.hosts in Resources */ = {isa = PBXBuildFile; fileRef = 7F3B2D0E1CBD43FB008676B8 /* ntp.hosts */; };
		7F3B2D1E1CBD43FB008676B8 /* NetAssociation.m in Sources */ = {isa = PBXBuildFile; fileRef = 7F3B2D121CBD43FB008676B8 /* NetAssociation.m */; };
		7F3B2D1F1CBD43FB008676B8 /* NetworkClock.m in Sources */ = {isa = PBXBuildFile; fileRef = 7F3B2D141CBD43FB008676B8 /* NetworkClock.m */; };
		7F3B2D211CBD43FB008676B8 /* NSDate+NetworkClock.m in Sources */ = {isa = PBXBuildFile; fileRef = 7F3B2D171CBD43FB008676B8 /* NSDate+NetworkClock.m */; };
		7F3B2D221CBD43FB008676B8 /* GCDAsyncUdpSocket.m in Sources */ = {isa = PBXBuildFile; fileRef = 7F3B2D1B1CBD43FB008676B8 /* GCDAsyncUdpSocket.m */; };
/* End PBXBuildFile section */

/* Begin PBXFileReference section */
		7F3B2CF71CBD437C008676B8 /* ios-ntp.app */ = {isa = PBXFileReference; explicitFileType = wrapper.application; includeInIndex = 0; path = "ios-ntp.app"; sourceTree = BUILT_PRODUCTS_DIR; };
		7F3B2CFA1CBD437E008676B8 /* AppDelegate.swift */ = {isa = PBXFileReference; lastKnownFileType = sourcecode.swift; path = AppDelegate.swift; sourceTree = "<group>"; };
		7F3B2CFC1CBD437E008676B8 /* ViewController.swift */ = {isa = PBXFileReference; lastKnownFileType = sourcecode.swift; path = ViewController.swift; sourceTree = "<group>"; };
		7F3B2CFF1CBD437E008676B8 /* Base */ = {isa = PBXFileReference; lastKnownFileType = file.storyboard; name = Base; path = Base.lproj/Main.storyboard; sourceTree = "<group>"; };
		7F3B2D011CBD437E008676B8 /* Assets.xcassets */ = {isa = PBXFileReference; lastKnownFileType = folder.assetcatalog; path = Assets.xcassets; sourceTree = "<group>"; };
		7F3B2D041CBD437E008676B8 /* Base */ = {isa = PBXFileReference; lastKnownFileType = file.storyboard; name = Base; path = Base.lproj/LaunchScreen.storyboard; sourceTree = "<group>"; };
		7F3B2D061CBD437E008676B8 /* Info.plist */ = {isa = PBXFileReference; lastKnownFileType = text.plist.xml; path = Info.plist; sourceTree = "<group>"; };
		7F3B2D0E1CBD43FB008676B8 /* ntp.hosts */ = {isa = PBXFileReference; fileEncoding = 4; lastKnownFileType = text; path = ntp.hosts; sourceTree = "<group>"; };
		7F3B2D101CBD43FB008676B8 /* ios-ntp.h */ = {isa = PBXFileReference; fileEncoding = 4; lastKnownFileType = sourcecode.c.h; path = "ios-ntp.h"; sourceTree = "<group>"; };
		7F3B2D111CBD43FB008676B8 /* NetAssociation.h */ = {isa = PBXFileReference; fileEncoding = 4; lastKnownFileType = sourcecode.c.h; path = NetAssociation.h; sourceTree = "<group>"; };
		7F3B2D121CBD43FB008676B8 /* NetAssociation.m */ = {isa = PBXFileReference; fileEncoding = 4; lastKnownFileType = sourcecode.c.objc; path = NetAssociation.m; sourceTree = "<group>"; };
		7F3B2D131CBD43FB008676B8 /* NetworkClock.h */ = {isa = PBXFileReference; fileEncoding = 4; lastKnownFileType = sourcecode.c.h; path = NetworkClock.h; sourceTree = "<group>"; };
		7F3B2D141CBD43FB008676B8 /* NetworkClock.m */ = {isa = PBXFileReference; fileEncoding = 4; lastKnownFileType = sourcecode.c.objc; path = NetworkClock.m; sourceTree = "<group>"; };
		7F3B2D161CBD43FB008676B8 /* NSDate+NetworkClock.h */ = {isa = PBXFileReference; fileEncoding = 4; lastKnownFileType = sourcecode.c.h; path = "NSDate+NetworkClock.h"; sourceTree = "<group>"; };
		7F3B2D171CBD43FB008676B8 /* NSDate+NetworkClock.m */ = {isa = PBXFileReference; fileEncoding = 4; lastKnownFileType = sourcecode.c.objc; path = "NSDate+NetworkClock.m"; sourceTree = "<group>"; };
		7F3B2D181CBD43FB008676B8 /* ntp-log.h */ = {isa = PBXFileReference; fileEncoding = 4; lastKnownFileType = sourcecode.c.h; path = "ntp-log.h"; sourceTree = "<group>"; };
		7F3B2D1A1CBD43FB008676B8 /* GCDAsyncUdpSocket.h */ = {isa = PBXFileReference; fileEncoding = 4; lastKnownFileType = sourcecode.c.h; path = GCDAsyncUdpSocket.h; sourceTree = "<group>"; };
		7F3B2D1B1CBD43FB008676B8 /* GCDAsyncUdpSocket.m */ = {isa = PBXFileReference; fileEncoding = 4; lastKnownFileType = sourcecode.c.objc; path = GCDAsyncUdpSocket.m; sourceTree = "<group>"; };
		7F3B2D241CBD4436008676B8 /* BridgeHeader.h */ = {isa = PBXFileReference; lastKnownFileType = sourcecode.c.h; path = BridgeHeader.h; sourceTree = "<group>"; };
/* End PBXFileReference section */

/* Begin PBXFrameworksBuildPhase section */
		7F3B2CF41CBD437C008676B8 /* Frameworks */ = {
			isa = PBXFrameworksBuildPhase;
			buildActionMask = 2147483647;
			files = (
			);
			runOnlyForDeploymentPostprocessing = 0;
		};
/* End PBXFrameworksBuildPhase section */

/* Begin PBXGroup section */
		7F3B2CEE1CBD437C008676B8 = {
			isa = PBXGroup;
			children = (
				7F3B2CF91CBD437D008676B8 /* ios-ntp */,
				7F3B2CF81CBD437C008676B8 /* Products */,
			);
			sourceTree = "<group>";
		};
		7F3B2CF81CBD437C008676B8 /* Products */ = {
			isa = PBXGroup;
			children = (
				7F3B2CF71CBD437C008676B8 /* ios-ntp.app */,
			);
			name = Products;
			sourceTree = "<group>";
		};
		7F3B2CF91CBD437D008676B8 /* ios-ntp */ = {
			isa = PBXGroup;
			children = (
				7F3B2CFA1CBD437E008676B8 /* AppDelegate.swift */,
				7F3B2CFC1CBD437E008676B8 /* ViewController.swift */,
				7F3B2CFE1CBD437E008676B8 /* Main.storyboard */,
				7F3B2D011CBD437E008676B8 /* Assets.xcassets */,
				7F3B2D031CBD437E008676B8 /* LaunchScreen.storyboard */,
				7F3B2D061CBD437E008676B8 /* Info.plist */,
				7F3B2D241CBD4436008676B8 /* BridgeHeader.h */,
				7F3B2D0C1CBD43FB008676B8 /* ios-ntp-master */,
			);
			path = "ios-ntp";
			sourceTree = "<group>";
		};
		7F3B2D0C1CBD43FB008676B8 /* ios-ntp-master */ = {
			isa = PBXGroup;
			children = (
				7F3B2D0D1CBD43FB008676B8 /* ios-ntp-app */,
				7F3B2D0F1CBD43FB008676B8 /* ios-ntp-lib */,
				7F3B2D191CBD43FB008676B8 /* network-udp */,
			);
			path = "ios-ntp-master";
			sourceTree = "<group>";
		};
		7F3B2D0D1CBD43FB008676B8 /* ios-ntp-app */ = {
			isa = PBXGroup;
			children = (
				7F3B2D0E1CBD43FB008676B8 /* ntp.hosts */,
			);
			path = "ios-ntp-app";
			sourceTree = "<group>";
		};
		7F3B2D0F1CBD43FB008676B8 /* ios-ntp-lib */ = {
			isa = PBXGroup;
			children = (
				7F3B2D101CBD43FB008676B8 /* ios-ntp.h */,
				7F3B2D111CBD43FB008676B8 /* NetAssociation.h */,
				7F3B2D121CBD43FB008676B8 /* NetAssociation.m */,
				7F3B2D131CBD43FB008676B8 /* NetworkClock.h */,
				7F3B2D141CBD43FB008676B8 /* NetworkClock.m */,
				7F3B2D161CBD43FB008676B8 /* NSDate+NetworkClock.h */,
				7F3B2D171CBD43FB008676B8 /* NSDate+NetworkClock.m */,
				7F3B2D181CBD43FB008676B8 /* ntp-log.h */,
			);
			path = "ios-ntp-lib";
			sourceTree = "<group>";
		};
		7F3B2D191CBD43FB008676B8 /* network-udp */ = {
			isa = PBXGroup;
			children = (
				7F3B2D1A1CBD43FB008676B8 /* GCDAsyncUdpSocket.h */,
				7F3B2D1B1CBD43FB008676B8 /* GCDAsyncUdpSocket.m */,
			);
			path = "network-udp";
			sourceTree = "<group>";
		};
/* End PBXGroup section */

/* Begin PBXNativeTarget section */
		7F3B2CF61CBD437C008676B8 /* ios-ntp */ = {
			isa = PBXNativeTarget;
			buildConfigurationList = 7F3B2D091CBD437E008676B8 /* Build configuration list for PBXNativeTarget "ios-ntp" */;
			buildPhases = (
				7F3B2CF31CBD437C008676B8 /* Sources */,
				7F3B2CF41CBD437C008676B8 /* Frameworks */,
				7F3B2CF51CBD437C008676B8 /* Resources */,
			);
			buildRules = (
			);
			dependencies = (
			);
			name = "ios-ntp";
			productName = "ios-ntp";
			productReference = 7F3B2CF71CBD437C008676B8 /* ios-ntp.app */;
			productType = "com.apple.product-type.application";
		};
/* End PBXNativeTarget section */

/* Begin PBXProject section */
		7F3B2CEF1CBD437C008676B8 /* Project object */ = {
			isa = PBXProject;
			attributes = {
				LastSwiftUpdateCheck = 0730;
				LastUpgradeCheck = 0730;
				ORGANIZATIONNAME = "Eugeniy Popov";
				TargetAttributes = {
					7F3B2CF61CBD437C008676B8 = {
						CreatedOnToolsVersion = 7.3;
					};
				};
			};
			buildConfigurationList = 7F3B2CF21CBD437C008676B8 /* Build configuration list for PBXProject "ios-ntp" */;
			compatibilityVersion = "Xcode 3.2";
			developmentRegion = English;
			hasScannedForEncodings = 0;
			knownRegions = (
				en,
				Base,
			);
			mainGroup = 7F3B2CEE1CBD437C008676B8;
			productRefGroup = 7F3B2CF81CBD437C008676B8 /* Products */;
			projectDirPath = "";
			projectRoot = "";
			targets = (
				7F3B2CF61CBD437C008676B8 /* ios-ntp */,
			);
		};
/* End PBXProject section */

/* Begin PBXResourcesBuildPhase section */
		7F3B2CF51CBD437C008676B8 /* Resources */ = {
			isa = PBXResourcesBuildPhase;
			buildActionMask = 2147483647;
			files = (
				7F3B2D051CBD437E008676B8 /* LaunchScreen.storyboard in Resources */,
				7F3B2D021CBD437E008676B8 /* Assets.xcassets in Resources */,
				7F3B2D1D1CBD43FB008676B8 /* ntp.hosts in Resources */,
				7F3B2D001CBD437E008676B8 /* Main.storyboard in Resources */,
			);
			runOnlyForDeploymentPostprocessing = 0;
		};
/* End PBXResourcesBuildPhase section */

/* Begin PBXSourcesBuildPhase section */
		7F3B2CF31CBD437C008676B8 /* Sources */ = {
			isa = PBXSourcesBuildPhase;
			buildActionMask = 2147483647;
			files = (
				7F3B2CFD1CBD437E008676B8 /* ViewController.swift in Sources */,
				7F3B2CFB1CBD437E008676B8 /* AppDelegate.swift in Sources */,
				7F3B2D211CBD43FB008676B8 /* NSDate+NetworkClock.m in Sources */,
				7F3B2D1E1CBD43FB008676B8 /* NetAssociation.m in Sources */,
				7F3B2D221CBD43FB008676B8 /* GCDAsyncUdpSocket.m in Sources */,
				7F3B2D1F1CBD43FB008676B8 /* NetworkClock.m in Sources */,
			);
			runOnlyForDeploymentPostprocessing = 0;
		};
/* End PBXSourcesBuildPhase section */

/* Begin PBXVariantGroup section */
		7F3B2CFE1CBD437E008676B8 /* Main.storyboard */ = {
			isa = PBXVariantGroup;
			children = (
				7F3B2CFF1CBD437E008676B8 /* Base */,
			);
			name = Main.storyboard;
			sourceTree = "<group>";
		};
		7F3B2D031CBD437E008676B8 /* LaunchScreen.storyboard */ = {
			isa = PBXVariantGroup;
			children = (
				7F3B2D041CBD437E008676B8 /* Base */,
			);
			name = LaunchScreen.storyboard;
			sourceTree = "<group>";
		};
/* End PBXVariantGroup section */

/* Begin XCBuildConfiguration section */
		7F3B2D071CBD437E008676B8 /* Debug */ = {
			isa = XCBuildConfiguration;
			buildSettings = {
				ALWAYS_SEARCH_USER_PATHS = NO;
				CLANG_ANALYZER_NONNULL = YES;
				CLANG_CXX_LANGUAGE_STANDARD = "gnu++0x";
				CLANG_CXX_LIBRARY = "libc++";
				CLANG_ENABLE_MODULES = YES;
				CLANG_ENABLE_OBJC_ARC = YES;
				CLANG_WARN_BOOL_CONVERSION = YES;
				CLANG_WARN_CONSTANT_CONVERSION = YES;
				CLANG_WARN_DIRECT_OBJC_ISA_USAGE = YES_ERROR;
				CLANG_WARN_EMPTY_BODY = YES;
				CLANG_WARN_ENUM_CONVERSION = YES;
				CLANG_WARN_INT_CONVERSION = YES;
				CLANG_WARN_OBJC_ROOT_CLASS = YES_ERROR;
				CLANG_WARN_UNREACHABLE_CODE = YES;
				CLANG_WARN__DUPLICATE_METHOD_MATCH = YES;
				"CODE_SIGN_IDENTITY[sdk=iphoneos*]" = "iPhone Developer";
				COPY_PHASE_STRIP = NO;
				DEBUG_INFORMATION_FORMAT = dwarf;
				ENABLE_STRICT_OBJC_MSGSEND = YES;
				ENABLE_TESTABILITY = YES;
				GCC_C_LANGUAGE_STANDARD = gnu99;
				GCC_DYNAMIC_NO_PIC = NO;
				GCC_NO_COMMON_BLOCKS = YES;
				GCC_OPTIMIZATION_LEVEL = 0;
				GCC_PREPROCESSOR_DEFINITIONS = (
					"DEBUG=1",
					"$(inherited)",
				);
				GCC_WARN_64_TO_32_BIT_CONVERSION = YES;
				GCC_WARN_ABOUT_RETURN_TYPE = YES_ERROR;
				GCC_WARN_UNDECLARED_SELECTOR = YES;
				GCC_WARN_UNINITIALIZED_AUTOS = YES_AGGRESSIVE;
				GCC_WARN_UNUSED_FUNCTION = YES;
				GCC_WARN_UNUSED_VARIABLE = YES;
				IPHONEOS_DEPLOYMENT_TARGET = 9.3;
				MTL_ENABLE_DEBUG_INFO = YES;
				ONLY_ACTIVE_ARCH = YES;
				SDKROOT = iphoneos;
				SWIFT_OPTIMIZATION_LEVEL = "-Onone";
			};
			name = Debug;
		};
		7F3B2D081CBD437E008676B8 /* Release */ = {
			isa = XCBuildConfiguration;
			buildSettings = {
				ALWAYS_SEARCH_USER_PATHS = NO;
				CLANG_ANALYZER_NONNULL = YES;
				CLANG_CXX_LANGUAGE_STANDARD = "gnu++0x";
				CLANG_CXX_LIBRARY = "libc++";
				CLANG_ENABLE_MODULES = YES;
				CLANG_ENABLE_OBJC_ARC = YES;
				CLANG_WARN_BOOL_CONVERSION = YES;
				CLANG_WARN_CONSTANT_CONVERSION = YES;
				CLANG_WARN_DIRECT_OBJC_ISA_USAGE = YES_ERROR;
				CLANG_WARN_EMPTY_BODY = YES;
				CLANG_WARN_ENUM_CONVERSION = YES;
				CLANG_WARN_INT_CONVERSION = YES;
				CLANG_WARN_OBJC_ROOT_CLASS = YES_ERROR;
				CLANG_WARN_UNREACHABLE_CODE = YES;
				CLANG_WARN__DUPLICATE_METHOD_MATCH = YES;
				"CODE_SIGN_IDENTITY[sdk=iphoneos*]" = "iPhone Developer";
				COPY_PHASE_STRIP = NO;
				DEBUG_INFORMATION_FORMAT = "dwarf-with-dsym";
				ENABLE_NS_ASSERTIONS = NO;
				ENABLE_STRICT_OBJC_MSGSEND = YES;
				GCC_C_LANGUAGE_STANDARD = gnu99;
				GCC_NO_COMMON_BLOCKS = YES;
				GCC_WARN_64_TO_32_BIT_CONVERSION = YES;
				GCC_WARN_ABOUT_RETURN_TYPE = YES_ERROR;
				GCC_WARN_UNDECLARED_SELECTOR = YES;
				GCC_WARN_UNINITIALIZED_AUTOS = YES_AGGRESSIVE;
				GCC_WARN_UNUSED_FUNCTION = YES;
				GCC_WARN_UNUSED_VARIABLE = YES;
				IPHONEOS_DEPLOYMENT_TARGET = 9.3;
				MTL_ENABLE_DEBUG_INFO = NO;
				SDKROOT = iphoneos;
				VALIDATE_PRODUCT = YES;
			};
			name = Release;
		};
		7F3B2D0A1CBD437E008676B8 /* Debug */ = {
			isa = XCBuildConfiguration;
			buildSettings = {
				ASSETCATALOG_COMPILER_APPICON_NAME = AppIcon;
				INFOPLIST_FILE = "ios-ntp/Info.plist";
				LD_RUNPATH_SEARCH_PATHS = "$(inherited) @executable_path/Frameworks";
				PRODUCT_BUNDLE_IDENTIFIER = "com.kokoc.ios-ntp";
				PRODUCT_NAME = "$(TARGET_NAME)";
				SWIFT_OBJC_BRIDGING_HEADER = "ios-ntp/BridgeHeader.h";
			};
			name = Debug;
		};
		7F3B2D0B1CBD437E008676B8 /* Release */ = {
			isa = XCBuildConfiguration;
			buildSettings = {
				ASSETCATALOG_COMPILER_APPICON_NAME = AppIcon;
				INFOPLIST_FILE = "ios-ntp/Info.plist";
				LD_RUNPATH_SEARCH_PATHS = "$(inherited) @executable_path/Frameworks";
				PRODUCT_BUNDLE_IDENTIFIER = "com.kokoc.ios-ntp";
				PRODUCT_NAME = "$(TARGET_NAME)";
				SWIFT_OBJC_BRIDGING_HEADER = "ios-ntp/BridgeHeader.h";
			};
			name = Release;
		};
/* End XCBuildConfiguration section */

/* Begin XCConfigurationList section */
		7F3B2CF21CBD437C008676B8 /* Build configuration list for PBXProject "ios-ntp" */ = {
			isa = XCConfigurationList;
			buildConfigurations = (
				7F3B2D071CBD437E008676B8 /* Debug */,
				7F3B2D081CBD437E008676B8 /* Release */,
			);
			defaultConfigurationIsVisible = 0;
			defaultConfigurationName = Release;
		};
		7F3B2D091CBD437E008676B8 /* Build configuration list for PBXNativeTarget "ios-ntp" */ = {
			isa = XCConfigurationList;
			buildConfigurations = (
				7F3B2D0A1CBD437E008676B8 /* Debug */,
				7F3B2D0B1CBD437E008676B8 /* Release */,
			);
			defaultConfigurationIsVisible = 0;
		};
/* End XCConfigurationList section */
	};
	rootObject = 7F3B2CEF1CBD437C008676B8 /* Project object */;
}
